// !$*UTF8*$!
{
	archiveVersion = 1;
	classes = {
	};
	objectVersion = 55;
	objects = {

/* Begin PBXBuildFile section */
		0140E0EA273FA0E4007010F7 /* NotificationNumLabel.swift in Sources */ = {isa = PBXBuildFile; fileRef = 0140E0E9273FA0E3007010F7 /* NotificationNumLabel.swift */; };
		01586E7D274104D200DC0F62 /* GoogMapController.swift in Sources */ = {isa = PBXBuildFile; fileRef = 01586E7C274104D200DC0F62 /* GoogMapController.swift */; };
		01586E8027410AB300DC0F62 /* AudioRecorder.swift in Sources */ = {isa = PBXBuildFile; fileRef = 01586E7F27410AB300DC0F62 /* AudioRecorder.swift */; };
		01586E8227410AE700DC0F62 /* AudioPlayer.swift in Sources */ = {isa = PBXBuildFile; fileRef = 01586E8127410AE700DC0F62 /* AudioPlayer.swift */; };
		01586E8527410B6C00DC0F62 /* RecordingDataModel.swift in Sources */ = {isa = PBXBuildFile; fileRef = 01586E8427410B6C00DC0F62 /* RecordingDataModel.swift */; };
		01586E8727410B9600DC0F62 /* Helper.swift in Sources */ = {isa = PBXBuildFile; fileRef = 01586E8627410B9600DC0F62 /* Helper.swift */; };
		01586E8927410D6000DC0F62 /* RecordingsList.swift in Sources */ = {isa = PBXBuildFile; fileRef = 01586E8827410D6000DC0F62 /* RecordingsList.swift */; };
		018B6E462742406900F4097E /* NotificationHelper.swift in Sources */ = {isa = PBXBuildFile; fileRef = 018B6E452742406900F4097E /* NotificationHelper.swift */; };
		01A1C59E274120E7009F81AE /* RecorderDB.swift in Sources */ = {isa = PBXBuildFile; fileRef = 01A1C59D274120E7009F81AE /* RecorderDB.swift */; };
		01BEB9C4273D31F0005F6483 /* Tests_iOS.swift in Sources */ = {isa = PBXBuildFile; fileRef = 01BEB9C3273D31F0005F6483 /* Tests_iOS.swift */; };
		01BEB9C6273D31F0005F6483 /* Tests_iOSLaunchTests.swift in Sources */ = {isa = PBXBuildFile; fileRef = 01BEB9C5273D31F0005F6483 /* Tests_iOSLaunchTests.swift */; };
		01BEB9D0273D31F0005F6483 /* Tests_macOS.swift in Sources */ = {isa = PBXBuildFile; fileRef = 01BEB9CF273D31F0005F6483 /* Tests_macOS.swift */; };
		01BEB9D2273D31F0005F6483 /* Tests_macOSLaunchTests.swift in Sources */ = {isa = PBXBuildFile; fileRef = 01BEB9D1273D31F0005F6483 /* Tests_macOSLaunchTests.swift */; };
		01BEB9D3273D31F0005F6483 /* TestMapDemoApp.swift in Sources */ = {isa = PBXBuildFile; fileRef = 01BEB9AB273D31E7005F6483 /* TestMapDemoApp.swift */; };
		01BEB9D4273D31F0005F6483 /* TestMapDemoApp.swift in Sources */ = {isa = PBXBuildFile; fileRef = 01BEB9AB273D31E7005F6483 /* TestMapDemoApp.swift */; };
		01BEB9D5273D31F0005F6483 /* ContentView.swift in Sources */ = {isa = PBXBuildFile; fileRef = 01BEB9AC273D31E7005F6483 /* ContentView.swift */; };
		01BEB9D6273D31F0005F6483 /* ContentView.swift in Sources */ = {isa = PBXBuildFile; fileRef = 01BEB9AC273D31E7005F6483 /* ContentView.swift */; };
		01BEB9D7273D31F0005F6483 /* Assets.xcassets in Resources */ = {isa = PBXBuildFile; fileRef = 01BEB9AD273D31F0005F6483 /* Assets.xcassets */; };
		01BEB9D8273D31F0005F6483 /* Assets.xcassets in Resources */ = {isa = PBXBuildFile; fileRef = 01BEB9AD273D31F0005F6483 /* Assets.xcassets */; };
		01BEB9E9273D34BC005F6483 /* LoginView.swift in Sources */ = {isa = PBXBuildFile; fileRef = 01BEB9E8273D34BC005F6483 /* LoginView.swift */; };
		01BEB9EC273D398A005F6483 /* CustomLoadingButton in Frameworks */ = {isa = PBXBuildFile; productRef = 01BEB9EB273D398A005F6483 /* CustomLoadingButton */; };
		01BEB9EF273D3D36005F6483 /* AuthViewModel.swift in Sources */ = {isa = PBXBuildFile; fileRef = 01BEB9EE273D3D36005F6483 /* AuthViewModel.swift */; };
		01BEB9F4273D4341005F6483 /* OvalTextFieldStyle.swift in Sources */ = {isa = PBXBuildFile; fileRef = 01BEB9F3273D4341005F6483 /* OvalTextFieldStyle.swift */; };
		01EAEB2D2741246400BE8321 /* RecordDetailsModel.swift in Sources */ = {isa = PBXBuildFile; fileRef = 01EAEB2C2741246400BE8321 /* RecordDetailsModel.swift */; };
		B85A264C273E8AAD00CA249C /* GoogleMapView.swift in Sources */ = {isa = PBXBuildFile; fileRef = B85A264B273E8AAD00CA249C /* GoogleMapView.swift */; };
		B85FA682273E1D9300D74F1B /* GoogleService-Info.plist in Resources */ = {isa = PBXBuildFile; fileRef = B85FA681273E1D9300D74F1B /* GoogleService-Info.plist */; };
		B85FA683273E1D9300D74F1B /* GoogleService-Info.plist in Resources */ = {isa = PBXBuildFile; fileRef = B85FA681273E1D9300D74F1B /* GoogleService-Info.plist */; };
		B85FA689273E2DFE00D74F1B /* UserModel.swift in Sources */ = {isa = PBXBuildFile; fileRef = B85FA688273E2DFE00D74F1B /* UserModel.swift */; };
		B87522A4273DE9A200744F44 /* CustomExtention.swift in Sources */ = {isa = PBXBuildFile; fileRef = B87522A3273DE9A200744F44 /* CustomExtention.swift */; };
		B87522A9273DFD1E00744F44 /* SecureInputView.swift in Sources */ = {isa = PBXBuildFile; fileRef = B87522A8273DFD1E00744F44 /* SecureInputView.swift */; };
		B87522AB273E072A00744F44 /* RegistrationView.swift in Sources */ = {isa = PBXBuildFile; fileRef = B87522AA273E072A00744F44 /* RegistrationView.swift */; };
		D8D1F9684E8CA7E8C829528E /* Pods_TestMapDemo__macOS_.framework in Frameworks */ = {isa = PBXBuildFile; fileRef = 26791DF939544EA454172D55 /* Pods_TestMapDemo__macOS_.framework */; };
		E4F37D697DFD9F401710A9EE /* Pods_TestMapDemo__iOS_.framework in Frameworks */ = {isa = PBXBuildFile; fileRef = 1209BF0A405D4ABBB5B331D3 /* Pods_TestMapDemo__iOS_.framework */; };
/* End PBXBuildFile section */

/* Begin PBXContainerItemProxy section */
		01BEB9C0273D31F0005F6483 /* PBXContainerItemProxy */ = {
			isa = PBXContainerItemProxy;
			containerPortal = 01BEB9A6273D31E5005F6483 /* Project object */;
			proxyType = 1;
			remoteGlobalIDString = 01BEB9B1273D31F0005F6483;
			remoteInfo = "TestMapDemo (iOS)";
		};
		01BEB9CC273D31F0005F6483 /* PBXContainerItemProxy */ = {
			isa = PBXContainerItemProxy;
			containerPortal = 01BEB9A6273D31E5005F6483 /* Project object */;
			proxyType = 1;
			remoteGlobalIDString = 01BEB9B7273D31F0005F6483;
			remoteInfo = "TestMapDemo (macOS)";
		};
		B87522A1273DE85A00744F44 /* PBXContainerItemProxy */ = {
			isa = PBXContainerItemProxy;
			containerPortal = 01BEB9A6273D31E5005F6483 /* Project object */;
			proxyType = 1;
			remoteGlobalIDString = 01BEB9B1273D31F0005F6483;
			remoteInfo = "TestMapDemo (iOS)";
		};
/* End PBXContainerItemProxy section */

/* Begin PBXFileReference section */
		0140E0E9273FA0E3007010F7 /* NotificationNumLabel.swift */ = {isa = PBXFileReference; lastKnownFileType = sourcecode.swift; path = NotificationNumLabel.swift; sourceTree = "<group>"; };
		01586E7C274104D200DC0F62 /* GoogMapController.swift */ = {isa = PBXFileReference; lastKnownFileType = sourcecode.swift; path = GoogMapController.swift; sourceTree = "<group>"; };
		01586E7F27410AB300DC0F62 /* AudioRecorder.swift */ = {isa = PBXFileReference; lastKnownFileType = sourcecode.swift; path = AudioRecorder.swift; sourceTree = "<group>"; };
		01586E8127410AE700DC0F62 /* AudioPlayer.swift */ = {isa = PBXFileReference; lastKnownFileType = sourcecode.swift; path = AudioPlayer.swift; sourceTree = "<group>"; };
		01586E8427410B6C00DC0F62 /* RecordingDataModel.swift */ = {isa = PBXFileReference; lastKnownFileType = sourcecode.swift; path = RecordingDataModel.swift; sourceTree = "<group>"; };
		01586E8627410B9600DC0F62 /* Helper.swift */ = {isa = PBXFileReference; lastKnownFileType = sourcecode.swift; path = Helper.swift; sourceTree = "<group>"; };
		01586E8827410D6000DC0F62 /* RecordingsList.swift */ = {isa = PBXFileReference; lastKnownFileType = sourcecode.swift; path = RecordingsList.swift; sourceTree = "<group>"; };
		018B6E452742406900F4097E /* NotificationHelper.swift */ = {isa = PBXFileReference; lastKnownFileType = sourcecode.swift; path = NotificationHelper.swift; sourceTree = "<group>"; };
		01A1C59D274120E7009F81AE /* RecorderDB.swift */ = {isa = PBXFileReference; lastKnownFileType = sourcecode.swift; path = RecorderDB.swift; sourceTree = "<group>"; };
		01BEB9AB273D31E7005F6483 /* TestMapDemoApp.swift */ = {isa = PBXFileReference; lastKnownFileType = sourcecode.swift; path = TestMapDemoApp.swift; sourceTree = "<group>"; };
		01BEB9AC273D31E7005F6483 /* ContentView.swift */ = {isa = PBXFileReference; lastKnownFileType = sourcecode.swift; path = ContentView.swift; sourceTree = "<group>"; };
		01BEB9AD273D31F0005F6483 /* Assets.xcassets */ = {isa = PBXFileReference; lastKnownFileType = folder.assetcatalog; path = Assets.xcassets; sourceTree = "<group>"; };
		01BEB9B2273D31F0005F6483 /* TestMapDemo.app */ = {isa = PBXFileReference; explicitFileType = wrapper.application; includeInIndex = 0; path = TestMapDemo.app; sourceTree = BUILT_PRODUCTS_DIR; };
		01BEB9B8273D31F0005F6483 /* TestMapDemo.app */ = {isa = PBXFileReference; explicitFileType = wrapper.application; includeInIndex = 0; path = TestMapDemo.app; sourceTree = BUILT_PRODUCTS_DIR; };
		01BEB9BA273D31F0005F6483 /* macOS.entitlements */ = {isa = PBXFileReference; lastKnownFileType = text.plist.entitlements; path = macOS.entitlements; sourceTree = "<group>"; };
		01BEB9BF273D31F0005F6483 /* Tests iOS.xctest */ = {isa = PBXFileReference; explicitFileType = wrapper.cfbundle; includeInIndex = 0; path = "Tests iOS.xctest"; sourceTree = BUILT_PRODUCTS_DIR; };
		01BEB9C3273D31F0005F6483 /* Tests_iOS.swift */ = {isa = PBXFileReference; lastKnownFileType = sourcecode.swift; path = Tests_iOS.swift; sourceTree = "<group>"; };
		01BEB9C5273D31F0005F6483 /* Tests_iOSLaunchTests.swift */ = {isa = PBXFileReference; lastKnownFileType = sourcecode.swift; path = Tests_iOSLaunchTests.swift; sourceTree = "<group>"; };
		01BEB9CB273D31F0005F6483 /* Tests macOS.xctest */ = {isa = PBXFileReference; explicitFileType = wrapper.cfbundle; includeInIndex = 0; path = "Tests macOS.xctest"; sourceTree = BUILT_PRODUCTS_DIR; };
		01BEB9CF273D31F0005F6483 /* Tests_macOS.swift */ = {isa = PBXFileReference; lastKnownFileType = sourcecode.swift; path = Tests_macOS.swift; sourceTree = "<group>"; };
		01BEB9D1273D31F0005F6483 /* Tests_macOSLaunchTests.swift */ = {isa = PBXFileReference; lastKnownFileType = sourcecode.swift; path = Tests_macOSLaunchTests.swift; sourceTree = "<group>"; };
		01BEB9E8273D34BC005F6483 /* LoginView.swift */ = {isa = PBXFileReference; lastKnownFileType = sourcecode.swift; path = LoginView.swift; sourceTree = "<group>"; };
		01BEB9EE273D3D36005F6483 /* AuthViewModel.swift */ = {isa = PBXFileReference; lastKnownFileType = sourcecode.swift; path = AuthViewModel.swift; sourceTree = "<group>"; };
		01BEB9F3273D4341005F6483 /* OvalTextFieldStyle.swift */ = {isa = PBXFileReference; lastKnownFileType = sourcecode.swift; path = OvalTextFieldStyle.swift; sourceTree = "<group>"; };
		01EAEB2C2741246400BE8321 /* RecordDetailsModel.swift */ = {isa = PBXFileReference; lastKnownFileType = sourcecode.swift; path = RecordDetailsModel.swift; sourceTree = "<group>"; };
		0C3A1194C93DA54EF62C0FF4 /* Pods-TestMapDemo (macOS).debug.xcconfig */ = {isa = PBXFileReference; includeInIndex = 1; lastKnownFileType = text.xcconfig; name = "Pods-TestMapDemo (macOS).debug.xcconfig"; path = "Target Support Files/Pods-TestMapDemo (macOS)/Pods-TestMapDemo (macOS).debug.xcconfig"; sourceTree = "<group>"; };
		1209BF0A405D4ABBB5B331D3 /* Pods_TestMapDemo__iOS_.framework */ = {isa = PBXFileReference; explicitFileType = wrapper.framework; includeInIndex = 0; path = Pods_TestMapDemo__iOS_.framework; sourceTree = BUILT_PRODUCTS_DIR; };
		26791DF939544EA454172D55 /* Pods_TestMapDemo__macOS_.framework */ = {isa = PBXFileReference; explicitFileType = wrapper.framework; includeInIndex = 0; path = Pods_TestMapDemo__macOS_.framework; sourceTree = BUILT_PRODUCTS_DIR; };
		42D74E9EFDF21B05A20E4FE6 /* Pods-TestMapDemo (macOS).release.xcconfig */ = {isa = PBXFileReference; includeInIndex = 1; lastKnownFileType = text.xcconfig; name = "Pods-TestMapDemo (macOS).release.xcconfig"; path = "Target Support Files/Pods-TestMapDemo (macOS)/Pods-TestMapDemo (macOS).release.xcconfig"; sourceTree = "<group>"; };
		8AD81B99B1A8DDD14408D944 /* Pods-TestMapDemo (iOS).release.xcconfig */ = {isa = PBXFileReference; includeInIndex = 1; lastKnownFileType = text.xcconfig; name = "Pods-TestMapDemo (iOS).release.xcconfig"; path = "Target Support Files/Pods-TestMapDemo (iOS)/Pods-TestMapDemo (iOS).release.xcconfig"; sourceTree = "<group>"; };
		B85A264B273E8AAD00CA249C /* GoogleMapView.swift */ = {isa = PBXFileReference; lastKnownFileType = sourcecode.swift; path = GoogleMapView.swift; sourceTree = "<group>"; };
		B85FA681273E1D9300D74F1B /* GoogleService-Info.plist */ = {isa = PBXFileReference; fileEncoding = 4; lastKnownFileType = text.plist.xml; path = "GoogleService-Info.plist"; sourceTree = "<group>"; };
		B85FA688273E2DFE00D74F1B /* UserModel.swift */ = {isa = PBXFileReference; lastKnownFileType = sourcecode.swift; path = UserModel.swift; sourceTree = "<group>"; };
		B87522A3273DE9A200744F44 /* CustomExtention.swift */ = {isa = PBXFileReference; lastKnownFileType = sourcecode.swift; path = CustomExtention.swift; sourceTree = "<group>"; };
		B87522A8273DFD1E00744F44 /* SecureInputView.swift */ = {isa = PBXFileReference; lastKnownFileType = sourcecode.swift; path = SecureInputView.swift; sourceTree = "<group>"; };
		B87522AA273E072A00744F44 /* RegistrationView.swift */ = {isa = PBXFileReference; lastKnownFileType = sourcecode.swift; path = RegistrationView.swift; sourceTree = "<group>"; };
		C38CE7E13562AC5B484C9305 /* Pods-TestMapDemo (iOS).debug.xcconfig */ = {isa = PBXFileReference; includeInIndex = 1; lastKnownFileType = text.xcconfig; name = "Pods-TestMapDemo (iOS).debug.xcconfig"; path = "Target Support Files/Pods-TestMapDemo (iOS)/Pods-TestMapDemo (iOS).debug.xcconfig"; sourceTree = "<group>"; };
/* End PBXFileReference section */

/* Begin PBXFrameworksBuildPhase section */
		01BEB9AF273D31F0005F6483 /* Frameworks */ = {
			isa = PBXFrameworksBuildPhase;
			buildActionMask = 2147483647;
			files = (
				01BEB9EC273D398A005F6483 /* CustomLoadingButton in Frameworks */,
				E4F37D697DFD9F401710A9EE /* Pods_TestMapDemo__iOS_.framework in Frameworks */,
			);
			runOnlyForDeploymentPostprocessing = 0;
		};
		01BEB9B5273D31F0005F6483 /* Frameworks */ = {
			isa = PBXFrameworksBuildPhase;
			buildActionMask = 2147483647;
			files = (
				D8D1F9684E8CA7E8C829528E /* Pods_TestMapDemo__macOS_.framework in Frameworks */,
			);
			runOnlyForDeploymentPostprocessing = 0;
		};
		01BEB9BC273D31F0005F6483 /* Frameworks */ = {
			isa = PBXFrameworksBuildPhase;
			buildActionMask = 2147483647;
			files = (
			);
			runOnlyForDeploymentPostprocessing = 0;
		};
		01BEB9C8273D31F0005F6483 /* Frameworks */ = {
			isa = PBXFrameworksBuildPhase;
			buildActionMask = 2147483647;
			files = (
			);
			runOnlyForDeploymentPostprocessing = 0;
		};
/* End PBXFrameworksBuildPhase section */

/* Begin PBXGroup section */
		01586E7E27410A8F00DC0F62 /* AudioManagers */ = {
			isa = PBXGroup;
			children = (
				01586E7F27410AB300DC0F62 /* AudioRecorder.swift */,
				01586E8127410AE700DC0F62 /* AudioPlayer.swift */,
			);
			path = AudioManagers;
			sourceTree = "<group>";
		};
		01586E8327410B3300DC0F62 /* Util */ = {
			isa = PBXGroup;
			children = (
				01586E8627410B9600DC0F62 /* Helper.swift */,
				01A1C59D274120E7009F81AE /* RecorderDB.swift */,
				018B6E452742406900F4097E /* NotificationHelper.swift */,
			);
			path = Util;
			sourceTree = "<group>";
		};
		01BEB9A5273D31E5005F6483 = {
			isa = PBXGroup;
			children = (
				01BEB9AA273D31E6005F6483 /* Shared */,
				01BEB9B9273D31F0005F6483 /* macOS */,
				01BEB9C2273D31F0005F6483 /* Tests iOS */,
				01BEB9CE273D31F0005F6483 /* Tests macOS */,
				01BEB9B3273D31F0005F6483 /* Products */,
				CFD77C37C425391B677D407D /* Frameworks */,
				0C74BE74074369C15BF5D84D /* Pods */,
			);
			sourceTree = "<group>";
		};
		01BEB9AA273D31E6005F6483 /* Shared */ = {
			isa = PBXGroup;
			children = (
				01586E8327410B3300DC0F62 /* Util */,
				01586E7E27410A8F00DC0F62 /* AudioManagers */,
				B85FA687273E2DD600D74F1B /* Model */,
				B87522A5273DF03700744F44 /* SubView */,
				01BEB9F0273D3D7E005F6483 /* Extention+Modifier */,
				01BEB9ED273D3D24005F6483 /* ViewModel */,
				01BEB9E7273D3491005F6483 /* View */,
				01BEB9AB273D31E7005F6483 /* TestMapDemoApp.swift */,
				01BEB9AC273D31E7005F6483 /* ContentView.swift */,
				B85FA681273E1D9300D74F1B /* GoogleService-Info.plist */,
				01BEB9AD273D31F0005F6483 /* Assets.xcassets */,
			);
			path = Shared;
			sourceTree = "<group>";
		};
		01BEB9B3273D31F0005F6483 /* Products */ = {
			isa = PBXGroup;
			children = (
				01BEB9B2273D31F0005F6483 /* TestMapDemo.app */,
				01BEB9B8273D31F0005F6483 /* TestMapDemo.app */,
				01BEB9BF273D31F0005F6483 /* Tests iOS.xctest */,
				01BEB9CB273D31F0005F6483 /* Tests macOS.xctest */,
			);
			name = Products;
			sourceTree = "<group>";
		};
		01BEB9B9273D31F0005F6483 /* macOS */ = {
			isa = PBXGroup;
			children = (
				01BEB9BA273D31F0005F6483 /* macOS.entitlements */,
			);
			path = macOS;
			sourceTree = "<group>";
		};
		01BEB9C2273D31F0005F6483 /* Tests iOS */ = {
			isa = PBXGroup;
			children = (
				01BEB9C3273D31F0005F6483 /* Tests_iOS.swift */,
				01BEB9C5273D31F0005F6483 /* Tests_iOSLaunchTests.swift */,
			);
			path = "Tests iOS";
			sourceTree = "<group>";
		};
		01BEB9CE273D31F0005F6483 /* Tests macOS */ = {
			isa = PBXGroup;
			children = (
				01BEB9CF273D31F0005F6483 /* Tests_macOS.swift */,
				01BEB9D1273D31F0005F6483 /* Tests_macOSLaunchTests.swift */,
			);
			path = "Tests macOS";
			sourceTree = "<group>";
		};
		01BEB9E7273D3491005F6483 /* View */ = {
			isa = PBXGroup;
			children = (
				01BEB9E8273D34BC005F6483 /* LoginView.swift */,
				B87522AA273E072A00744F44 /* RegistrationView.swift */,
				B85A264B273E8AAD00CA249C /* GoogleMapView.swift */,
				01586E7C274104D200DC0F62 /* GoogMapController.swift */,
				01586E8827410D6000DC0F62 /* RecordingsList.swift */,
			);
			path = View;
			sourceTree = "<group>";
		};
		01BEB9ED273D3D24005F6483 /* ViewModel */ = {
			isa = PBXGroup;
			children = (
				01BEB9EE273D3D36005F6483 /* AuthViewModel.swift */,
			);
			path = ViewModel;
			sourceTree = "<group>";
		};
		01BEB9F0273D3D7E005F6483 /* Extention+Modifier */ = {
			isa = PBXGroup;
			children = (
				01BEB9F3273D4341005F6483 /* OvalTextFieldStyle.swift */,
				B87522A3273DE9A200744F44 /* CustomExtention.swift */,
			);
			path = "Extention+Modifier";
			sourceTree = "<group>";
		};
		0C74BE74074369C15BF5D84D /* Pods */ = {
			isa = PBXGroup;
			children = (
				C38CE7E13562AC5B484C9305 /* Pods-TestMapDemo (iOS).debug.xcconfig */,
				8AD81B99B1A8DDD14408D944 /* Pods-TestMapDemo (iOS).release.xcconfig */,
				0C3A1194C93DA54EF62C0FF4 /* Pods-TestMapDemo (macOS).debug.xcconfig */,
				42D74E9EFDF21B05A20E4FE6 /* Pods-TestMapDemo (macOS).release.xcconfig */,
			);
			path = Pods;
			sourceTree = "<group>";
		};
		B85FA687273E2DD600D74F1B /* Model */ = {
			isa = PBXGroup;
			children = (
				B85FA688273E2DFE00D74F1B /* UserModel.swift */,
				01586E8427410B6C00DC0F62 /* RecordingDataModel.swift */,
				01EAEB2C2741246400BE8321 /* RecordDetailsModel.swift */,
			);
			path = Model;
			sourceTree = "<group>";
		};
		B87522A5273DF03700744F44 /* SubView */ = {
			isa = PBXGroup;
			children = (
				B87522A8273DFD1E00744F44 /* SecureInputView.swift */,
				0140E0E9273FA0E3007010F7 /* NotificationNumLabel.swift */,
			);
			path = SubView;
			sourceTree = "<group>";
		};
		CFD77C37C425391B677D407D /* Frameworks */ = {
			isa = PBXGroup;
			children = (
				1209BF0A405D4ABBB5B331D3 /* Pods_TestMapDemo__iOS_.framework */,
				26791DF939544EA454172D55 /* Pods_TestMapDemo__macOS_.framework */,
			);
			name = Frameworks;
			sourceTree = "<group>";
		};
/* End PBXGroup section */

/* Begin PBXNativeTarget section */
		01BEB9B1273D31F0005F6483 /* TestMapDemo (iOS) */ = {
			isa = PBXNativeTarget;
			buildConfigurationList = 01BEB9DB273D31F0005F6483 /* Build configuration list for PBXNativeTarget "TestMapDemo (iOS)" */;
			buildPhases = (
				76020A8193834D50B29D952B /* [CP] Check Pods Manifest.lock */,
				01BEB9AE273D31F0005F6483 /* Sources */,
				01BEB9AF273D31F0005F6483 /* Frameworks */,
				01BEB9B0273D31F0005F6483 /* Resources */,
				313998289B29A3B6248F4591 /* [CP] Embed Pods Frameworks */,
				56FD0E296282250FE5805690 /* [CP] Copy Pods Resources */,
			);
			buildRules = (
			);
			dependencies = (
			);
			name = "TestMapDemo (iOS)";
			packageProductDependencies = (
				01BEB9EB273D398A005F6483 /* CustomLoadingButton */,
			);
			productName = "TestMapDemo (iOS)";
			productReference = 01BEB9B2273D31F0005F6483 /* TestMapDemo.app */;
			productType = "com.apple.product-type.application";
		};
		01BEB9B7273D31F0005F6483 /* TestMapDemo (macOS) */ = {
			isa = PBXNativeTarget;
			buildConfigurationList = 01BEB9DE273D31F0005F6483 /* Build configuration list for PBXNativeTarget "TestMapDemo (macOS)" */;
			buildPhases = (
				506ED6081FD248C7DAD57DBA /* [CP] Check Pods Manifest.lock */,
				01BEB9B4273D31F0005F6483 /* Sources */,
				01BEB9B5273D31F0005F6483 /* Frameworks */,
				01BEB9B6273D31F0005F6483 /* Resources */,
			);
			buildRules = (
			);
			dependencies = (
			);
			name = "TestMapDemo (macOS)";
			productName = "TestMapDemo (macOS)";
			productReference = 01BEB9B8273D31F0005F6483 /* TestMapDemo.app */;
			productType = "com.apple.product-type.application";
		};
		01BEB9BE273D31F0005F6483 /* Tests iOS */ = {
			isa = PBXNativeTarget;
			buildConfigurationList = 01BEB9E1273D31F0005F6483 /* Build configuration list for PBXNativeTarget "Tests iOS" */;
			buildPhases = (
				01BEB9BB273D31F0005F6483 /* Sources */,
				01BEB9BC273D31F0005F6483 /* Frameworks */,
				01BEB9BD273D31F0005F6483 /* Resources */,
			);
			buildRules = (
			);
			dependencies = (
				01BEB9C1273D31F0005F6483 /* PBXTargetDependency */,
			);
			name = "Tests iOS";
			productName = "Tests iOS";
			productReference = 01BEB9BF273D31F0005F6483 /* Tests iOS.xctest */;
			productType = "com.apple.product-type.bundle.ui-testing";
		};
		01BEB9CA273D31F0005F6483 /* Tests macOS */ = {
			isa = PBXNativeTarget;
			buildConfigurationList = 01BEB9E4273D31F0005F6483 /* Build configuration list for PBXNativeTarget "Tests macOS" */;
			buildPhases = (
				01BEB9C7273D31F0005F6483 /* Sources */,
				01BEB9C8273D31F0005F6483 /* Frameworks */,
				01BEB9C9273D31F0005F6483 /* Resources */,
			);
			buildRules = (
			);
			dependencies = (
				01BEB9CD273D31F0005F6483 /* PBXTargetDependency */,
				B87522A2273DE85A00744F44 /* PBXTargetDependency */,
			);
			name = "Tests macOS";
			productName = "Tests macOS";
			productReference = 01BEB9CB273D31F0005F6483 /* Tests macOS.xctest */;
			productType = "com.apple.product-type.bundle.ui-testing";
		};
/* End PBXNativeTarget section */

/* Begin PBXProject section */
		01BEB9A6273D31E5005F6483 /* Project object */ = {
			isa = PBXProject;
			attributes = {
				BuildIndependentTargetsInParallel = 1;
				LastSwiftUpdateCheck = 1310;
				LastUpgradeCheck = 1310;
				TargetAttributes = {
					01BEB9B1273D31F0005F6483 = {
						CreatedOnToolsVersion = 13.1;
					};
					01BEB9B7273D31F0005F6483 = {
						CreatedOnToolsVersion = 13.1;
					};
					01BEB9BE273D31F0005F6483 = {
						CreatedOnToolsVersion = 13.1;
						TestTargetID = 01BEB9B1273D31F0005F6483;
					};
					01BEB9CA273D31F0005F6483 = {
						CreatedOnToolsVersion = 13.1;
						TestTargetID = 01BEB9B1273D31F0005F6483;
					};
				};
			};
			buildConfigurationList = 01BEB9A9273D31E5005F6483 /* Build configuration list for PBXProject "TestMapDemo" */;
			compatibilityVersion = "Xcode 13.0";
			developmentRegion = en;
			hasScannedForEncodings = 0;
			knownRegions = (
				en,
				Base,
			);
			mainGroup = 01BEB9A5273D31E5005F6483;
			packageReferences = (
				01BEB9EA273D398A005F6483 /* XCRemoteSwiftPackageReference "CustomLoadingButton" */,
			);
			productRefGroup = 01BEB9B3273D31F0005F6483 /* Products */;
			projectDirPath = "";
			projectRoot = "";
			targets = (
				01BEB9B1273D31F0005F6483 /* TestMapDemo (iOS) */,
				01BEB9B7273D31F0005F6483 /* TestMapDemo (macOS) */,
				01BEB9BE273D31F0005F6483 /* Tests iOS */,
				01BEB9CA273D31F0005F6483 /* Tests macOS */,
			);
		};
/* End PBXProject section */

/* Begin PBXResourcesBuildPhase section */
		01BEB9B0273D31F0005F6483 /* Resources */ = {
			isa = PBXResourcesBuildPhase;
			buildActionMask = 2147483647;
			files = (
				01BEB9D7273D31F0005F6483 /* Assets.xcassets in Resources */,
				B85FA682273E1D9300D74F1B /* GoogleService-Info.plist in Resources */,
			);
			runOnlyForDeploymentPostprocessing = 0;
		};
		01BEB9B6273D31F0005F6483 /* Resources */ = {
			isa = PBXResourcesBuildPhase;
			buildActionMask = 2147483647;
			files = (
				01BEB9D8273D31F0005F6483 /* Assets.xcassets in Resources */,
				B85FA683273E1D9300D74F1B /* GoogleService-Info.plist in Resources */,
			);
			runOnlyForDeploymentPostprocessing = 0;
		};
		01BEB9BD273D31F0005F6483 /* Resources */ = {
			isa = PBXResourcesBuildPhase;
			buildActionMask = 2147483647;
			files = (
			);
			runOnlyForDeploymentPostprocessing = 0;
		};
		01BEB9C9273D31F0005F6483 /* Resources */ = {
			isa = PBXResourcesBuildPhase;
			buildActionMask = 2147483647;
			files = (
			);
			runOnlyForDeploymentPostprocessing = 0;
		};
/* End PBXResourcesBuildPhase section */

/* Begin PBXShellScriptBuildPhase section */
		313998289B29A3B6248F4591 /* [CP] Embed Pods Frameworks */ = {
			isa = PBXShellScriptBuildPhase;
			buildActionMask = 2147483647;
			files = (
			);
			inputFileListPaths = (
				"${PODS_ROOT}/Target Support Files/Pods-TestMapDemo (iOS)/Pods-TestMapDemo (iOS)-frameworks-${CONFIGURATION}-input-files.xcfilelist",
			);
			name = "[CP] Embed Pods Frameworks";
			outputFileListPaths = (
				"${PODS_ROOT}/Target Support Files/Pods-TestMapDemo (iOS)/Pods-TestMapDemo (iOS)-frameworks-${CONFIGURATION}-output-files.xcfilelist",
			);
			runOnlyForDeploymentPostprocessing = 0;
			shellPath = /bin/sh;
			shellScript = "\"${PODS_ROOT}/Target Support Files/Pods-TestMapDemo (iOS)/Pods-TestMapDemo (iOS)-frameworks.sh\"\n";
			showEnvVarsInLog = 0;
		};
		506ED6081FD248C7DAD57DBA /* [CP] Check Pods Manifest.lock */ = {
			isa = PBXShellScriptBuildPhase;
			buildActionMask = 2147483647;
			files = (
			);
			inputFileListPaths = (
			);
			inputPaths = (
				"${PODS_PODFILE_DIR_PATH}/Podfile.lock",
				"${PODS_ROOT}/Manifest.lock",
			);
			name = "[CP] Check Pods Manifest.lock";
			outputFileListPaths = (
			);
			outputPaths = (
				"$(DERIVED_FILE_DIR)/Pods-TestMapDemo (macOS)-checkManifestLockResult.txt",
			);
			runOnlyForDeploymentPostprocessing = 0;
			shellPath = /bin/sh;
			shellScript = "diff \"${PODS_PODFILE_DIR_PATH}/Podfile.lock\" \"${PODS_ROOT}/Manifest.lock\" > /dev/null\nif [ $? != 0 ] ; then\n    # print error to STDERR\n    echo \"error: The sandbox is not in sync with the Podfile.lock. Run 'pod install' or update your CocoaPods installation.\" >&2\n    exit 1\nfi\n# This output is used by Xcode 'outputs' to avoid re-running this script phase.\necho \"SUCCESS\" > \"${SCRIPT_OUTPUT_FILE_0}\"\n";
			showEnvVarsInLog = 0;
		};
		56FD0E296282250FE5805690 /* [CP] Copy Pods Resources */ = {
			isa = PBXShellScriptBuildPhase;
			buildActionMask = 2147483647;
			files = (
			);
			inputFileListPaths = (
				"${PODS_ROOT}/Target Support Files/Pods-TestMapDemo (iOS)/Pods-TestMapDemo (iOS)-resources-${CONFIGURATION}-input-files.xcfilelist",
			);
			name = "[CP] Copy Pods Resources";
			outputFileListPaths = (
				"${PODS_ROOT}/Target Support Files/Pods-TestMapDemo (iOS)/Pods-TestMapDemo (iOS)-resources-${CONFIGURATION}-output-files.xcfilelist",
			);
			runOnlyForDeploymentPostprocessing = 0;
			shellPath = /bin/sh;
			shellScript = "\"${PODS_ROOT}/Target Support Files/Pods-TestMapDemo (iOS)/Pods-TestMapDemo (iOS)-resources.sh\"\n";
			showEnvVarsInLog = 0;
		};
		76020A8193834D50B29D952B /* [CP] Check Pods Manifest.lock */ = {
			isa = PBXShellScriptBuildPhase;
			buildActionMask = 2147483647;
			files = (
			);
			inputFileListPaths = (
			);
			inputPaths = (
				"${PODS_PODFILE_DIR_PATH}/Podfile.lock",
				"${PODS_ROOT}/Manifest.lock",
			);
			name = "[CP] Check Pods Manifest.lock";
			outputFileListPaths = (
			);
			outputPaths = (
				"$(DERIVED_FILE_DIR)/Pods-TestMapDemo (iOS)-checkManifestLockResult.txt",
			);
			runOnlyForDeploymentPostprocessing = 0;
			shellPath = /bin/sh;
			shellScript = "diff \"${PODS_PODFILE_DIR_PATH}/Podfile.lock\" \"${PODS_ROOT}/Manifest.lock\" > /dev/null\nif [ $? != 0 ] ; then\n    # print error to STDERR\n    echo \"error: The sandbox is not in sync with the Podfile.lock. Run 'pod install' or update your CocoaPods installation.\" >&2\n    exit 1\nfi\n# This output is used by Xcode 'outputs' to avoid re-running this script phase.\necho \"SUCCESS\" > \"${SCRIPT_OUTPUT_FILE_0}\"\n";
			showEnvVarsInLog = 0;
		};
/* End PBXShellScriptBuildPhase section */

/* Begin PBXSourcesBuildPhase section */
		01BEB9AE273D31F0005F6483 /* Sources */ = {
			isa = PBXSourcesBuildPhase;
			buildActionMask = 2147483647;
			files = (
				01BEB9EF273D3D36005F6483 /* AuthViewModel.swift in Sources */,
				B87522A9273DFD1E00744F44 /* SecureInputView.swift in Sources */,
				01BEB9E9273D34BC005F6483 /* LoginView.swift in Sources */,
				0140E0EA273FA0E4007010F7 /* NotificationNumLabel.swift in Sources */,
				01BEB9D5273D31F0005F6483 /* ContentView.swift in Sources */,
				01BEB9D3273D31F0005F6483 /* TestMapDemoApp.swift in Sources */,
				018B6E462742406900F4097E /* NotificationHelper.swift in Sources */,
				01A1C59E274120E7009F81AE /* RecorderDB.swift in Sources */,
				01586E8527410B6C00DC0F62 /* RecordingDataModel.swift in Sources */,
				01586E8727410B9600DC0F62 /* Helper.swift in Sources */,
				01BEB9F4273D4341005F6483 /* OvalTextFieldStyle.swift in Sources */,
				B85A264C273E8AAD00CA249C /* GoogleMapView.swift in Sources */,
				01EAEB2D2741246400BE8321 /* RecordDetailsModel.swift in Sources */,
				01586E8027410AB300DC0F62 /* AudioRecorder.swift in Sources */,
				01586E8927410D6000DC0F62 /* RecordingsList.swift in Sources */,
				01586E7D274104D200DC0F62 /* GoogMapController.swift in Sources */,
				B87522A4273DE9A200744F44 /* CustomExtention.swift in Sources */,
				B85FA689273E2DFE00D74F1B /* UserModel.swift in Sources */,
				B87522AB273E072A00744F44 /* RegistrationView.swift in Sources */,
				01586E8227410AE700DC0F62 /* AudioPlayer.swift in Sources */,
			);
			runOnlyForDeploymentPostprocessing = 0;
		};
		01BEB9B4273D31F0005F6483 /* Sources */ = {
			isa = PBXSourcesBuildPhase;
			buildActionMask = 2147483647;
			files = (
				01BEB9D6273D31F0005F6483 /* ContentView.swift in Sources */,
				01BEB9D4273D31F0005F6483 /* TestMapDemoApp.swift in Sources */,
			);
			runOnlyForDeploymentPostprocessing = 0;
		};
		01BEB9BB273D31F0005F6483 /* Sources */ = {
			isa = PBXSourcesBuildPhase;
			buildActionMask = 2147483647;
			files = (
				01BEB9C6273D31F0005F6483 /* Tests_iOSLaunchTests.swift in Sources */,
				01BEB9C4273D31F0005F6483 /* Tests_iOS.swift in Sources */,
			);
			runOnlyForDeploymentPostprocessing = 0;
		};
		01BEB9C7273D31F0005F6483 /* Sources */ = {
			isa = PBXSourcesBuildPhase;
			buildActionMask = 2147483647;
			files = (
				01BEB9D2273D31F0005F6483 /* Tests_macOSLaunchTests.swift in Sources */,
				01BEB9D0273D31F0005F6483 /* Tests_macOS.swift in Sources */,
			);
			runOnlyForDeploymentPostprocessing = 0;
		};
/* End PBXSourcesBuildPhase section */

/* Begin PBXTargetDependency section */
		01BEB9C1273D31F0005F6483 /* PBXTargetDependency */ = {
			isa = PBXTargetDependency;
			target = 01BEB9B1273D31F0005F6483 /* TestMapDemo (iOS) */;
			targetProxy = 01BEB9C0273D31F0005F6483 /* PBXContainerItemProxy */;
		};
		01BEB9CD273D31F0005F6483 /* PBXTargetDependency */ = {
			isa = PBXTargetDependency;
			target = 01BEB9B7273D31F0005F6483 /* TestMapDemo (macOS) */;
			targetProxy = 01BEB9CC273D31F0005F6483 /* PBXContainerItemProxy */;
		};
		B87522A2273DE85A00744F44 /* PBXTargetDependency */ = {
			isa = PBXTargetDependency;
			target = 01BEB9B1273D31F0005F6483 /* TestMapDemo (iOS) */;
			targetProxy = B87522A1273DE85A00744F44 /* PBXContainerItemProxy */;
		};
/* End PBXTargetDependency section */

/* Begin XCBuildConfiguration section */
		01BEB9D9273D31F0005F6483 /* Debug */ = {
			isa = XCBuildConfiguration;
			buildSettings = {
				ALWAYS_SEARCH_USER_PATHS = NO;
				CLANG_ANALYZER_NONNULL = YES;
				CLANG_ANALYZER_NUMBER_OBJECT_CONVERSION = YES_AGGRESSIVE;
				CLANG_CXX_LANGUAGE_STANDARD = "gnu++17";
				CLANG_CXX_LIBRARY = "libc++";
				CLANG_ENABLE_MODULES = YES;
				CLANG_ENABLE_OBJC_ARC = YES;
				CLANG_ENABLE_OBJC_WEAK = YES;
				CLANG_WARN_BLOCK_CAPTURE_AUTORELEASING = YES;
				CLANG_WARN_BOOL_CONVERSION = YES;
				CLANG_WARN_COMMA = YES;
				CLANG_WARN_CONSTANT_CONVERSION = YES;
				CLANG_WARN_DEPRECATED_OBJC_IMPLEMENTATIONS = YES;
				CLANG_WARN_DIRECT_OBJC_ISA_USAGE = YES_ERROR;
				CLANG_WARN_DOCUMENTATION_COMMENTS = YES;
				CLANG_WARN_EMPTY_BODY = YES;
				CLANG_WARN_ENUM_CONVERSION = YES;
				CLANG_WARN_INFINITE_RECURSION = YES;
				CLANG_WARN_INT_CONVERSION = YES;
				CLANG_WARN_NON_LITERAL_NULL_CONVERSION = YES;
				CLANG_WARN_OBJC_IMPLICIT_RETAIN_SELF = YES;
				CLANG_WARN_OBJC_LITERAL_CONVERSION = YES;
				CLANG_WARN_OBJC_ROOT_CLASS = YES_ERROR;
				CLANG_WARN_QUOTED_INCLUDE_IN_FRAMEWORK_HEADER = YES;
				CLANG_WARN_RANGE_LOOP_ANALYSIS = YES;
				CLANG_WARN_STRICT_PROTOTYPES = YES;
				CLANG_WARN_SUSPICIOUS_MOVE = YES;
				CLANG_WARN_UNGUARDED_AVAILABILITY = YES_AGGRESSIVE;
				CLANG_WARN_UNREACHABLE_CODE = YES;
				CLANG_WARN__DUPLICATE_METHOD_MATCH = YES;
				COPY_PHASE_STRIP = NO;
				DEBUG_INFORMATION_FORMAT = dwarf;
				ENABLE_STRICT_OBJC_MSGSEND = YES;
				ENABLE_TESTABILITY = YES;
				EXCLUDED_ARCHS = "";
				GCC_C_LANGUAGE_STANDARD = gnu11;
				GCC_DYNAMIC_NO_PIC = NO;
				GCC_NO_COMMON_BLOCKS = YES;
				GCC_OPTIMIZATION_LEVEL = 0;
				GCC_PREPROCESSOR_DEFINITIONS = (
					"DEBUG=1",
					"$(inherited)",
				);
				GCC_WARN_64_TO_32_BIT_CONVERSION = YES;
				GCC_WARN_ABOUT_RETURN_TYPE = YES_ERROR;
				GCC_WARN_UNDECLARED_SELECTOR = YES;
				GCC_WARN_UNINITIALIZED_AUTOS = YES_AGGRESSIVE;
				GCC_WARN_UNUSED_FUNCTION = YES;
				GCC_WARN_UNUSED_VARIABLE = YES;
				MTL_ENABLE_DEBUG_INFO = INCLUDE_SOURCE;
				MTL_FAST_MATH = YES;
				ONLY_ACTIVE_ARCH = YES;
				SUPPORTED_PLATFORMS = "iphonesimulator iphoneos";
				SWIFT_ACTIVE_COMPILATION_CONDITIONS = DEBUG;
				SWIFT_OPTIMIZATION_LEVEL = "-Onone";
			};
			name = Debug;
		};
		01BEB9DA273D31F0005F6483 /* Release */ = {
			isa = XCBuildConfiguration;
			buildSettings = {
				ALWAYS_SEARCH_USER_PATHS = NO;
				CLANG_ANALYZER_NONNULL = YES;
				CLANG_ANALYZER_NUMBER_OBJECT_CONVERSION = YES_AGGRESSIVE;
				CLANG_CXX_LANGUAGE_STANDARD = "gnu++17";
				CLANG_CXX_LIBRARY = "libc++";
				CLANG_ENABLE_MODULES = YES;
				CLANG_ENABLE_OBJC_ARC = YES;
				CLANG_ENABLE_OBJC_WEAK = YES;
				CLANG_WARN_BLOCK_CAPTURE_AUTORELEASING = YES;
				CLANG_WARN_BOOL_CONVERSION = YES;
				CLANG_WARN_COMMA = YES;
				CLANG_WARN_CONSTANT_CONVERSION = YES;
				CLANG_WARN_DEPRECATED_OBJC_IMPLEMENTATIONS = YES;
				CLANG_WARN_DIRECT_OBJC_ISA_USAGE = YES_ERROR;
				CLANG_WARN_DOCUMENTATION_COMMENTS = YES;
				CLANG_WARN_EMPTY_BODY = YES;
				CLANG_WARN_ENUM_CONVERSION = YES;
				CLANG_WARN_INFINITE_RECURSION = YES;
				CLANG_WARN_INT_CONVERSION = YES;
				CLANG_WARN_NON_LITERAL_NULL_CONVERSION = YES;
				CLANG_WARN_OBJC_IMPLICIT_RETAIN_SELF = YES;
				CLANG_WARN_OBJC_LITERAL_CONVERSION = YES;
				CLANG_WARN_OBJC_ROOT_CLASS = YES_ERROR;
				CLANG_WARN_QUOTED_INCLUDE_IN_FRAMEWORK_HEADER = YES;
				CLANG_WARN_RANGE_LOOP_ANALYSIS = YES;
				CLANG_WARN_STRICT_PROTOTYPES = YES;
				CLANG_WARN_SUSPICIOUS_MOVE = YES;
				CLANG_WARN_UNGUARDED_AVAILABILITY = YES_AGGRESSIVE;
				CLANG_WARN_UNREACHABLE_CODE = YES;
				CLANG_WARN__DUPLICATE_METHOD_MATCH = YES;
				COPY_PHASE_STRIP = NO;
				DEBUG_INFORMATION_FORMAT = "dwarf-with-dsym";
				ENABLE_NS_ASSERTIONS = NO;
				ENABLE_STRICT_OBJC_MSGSEND = YES;
				EXCLUDED_ARCHS = "";
				GCC_C_LANGUAGE_STANDARD = gnu11;
				GCC_NO_COMMON_BLOCKS = YES;
				GCC_WARN_64_TO_32_BIT_CONVERSION = YES;
				GCC_WARN_ABOUT_RETURN_TYPE = YES_ERROR;
				GCC_WARN_UNDECLARED_SELECTOR = YES;
				GCC_WARN_UNINITIALIZED_AUTOS = YES_AGGRESSIVE;
				GCC_WARN_UNUSED_FUNCTION = YES;
				GCC_WARN_UNUSED_VARIABLE = YES;
				MTL_ENABLE_DEBUG_INFO = NO;
				MTL_FAST_MATH = YES;
				ONLY_ACTIVE_ARCH = NO;
				SUPPORTED_PLATFORMS = "iphonesimulator iphoneos";
				SWIFT_COMPILATION_MODE = wholemodule;
				SWIFT_OPTIMIZATION_LEVEL = "-O";
			};
			name = Release;
		};
		01BEB9DC273D31F0005F6483 /* Debug */ = {
			isa = XCBuildConfiguration;
			baseConfigurationReference = C38CE7E13562AC5B484C9305 /* Pods-TestMapDemo (iOS).debug.xcconfig */;
			buildSettings = {
				ASSETCATALOG_COMPILER_APPICON_NAME = AppIcon;
				ASSETCATALOG_COMPILER_GLOBAL_ACCENT_COLOR_NAME = AccentColor;
				CODE_SIGN_STYLE = Automatic;
				CURRENT_PROJECT_VERSION = 1;
				DEVELOPMENT_TEAM = C6TV7JWFX4;
				ENABLE_PREVIEWS = YES;
				GENERATE_INFOPLIST_FILE = YES;
				INFOPLIST_KEY_NSLocationAlwaysAndWhenInUseUsageDescription = "Location shows to user when use";
				INFOPLIST_KEY_NSLocationAlwaysUsageDescription = "Location shows to user when use";
				INFOPLIST_KEY_NSLocationWhenInUseUsageDescription = "MapDemo app need your location to show user";
				INFOPLIST_KEY_NSMicrophoneUsageDescription = "We need access to your microphone to conduct recording sessions.";
				INFOPLIST_KEY_UIApplicationSceneManifest_Generation = YES;
				INFOPLIST_KEY_UIApplicationSupportsIndirectInputEvents = YES;
				INFOPLIST_KEY_UILaunchScreen_Generation = YES;
				INFOPLIST_KEY_UISupportedInterfaceOrientations_iPad = "UIInterfaceOrientationPortrait UIInterfaceOrientationPortraitUpsideDown UIInterfaceOrientationLandscapeLeft UIInterfaceOrientationLandscapeRight";
				INFOPLIST_KEY_UISupportedInterfaceOrientations_iPhone = "UIInterfaceOrientationPortrait UIInterfaceOrientationLandscapeLeft UIInterfaceOrientationLandscapeRight";
				IPHONEOS_DEPLOYMENT_TARGET = 15.0;
				LD_RUNPATH_SEARCH_PATHS = (
					"$(inherited)",
					"@executable_path/Frameworks",
				);
				MARKETING_VERSION = 1.0;
				PRODUCT_BUNDLE_IDENTIFIER = com.tariqul.TestMapDemo;
				PRODUCT_NAME = TestMapDemo;
				SDKROOT = iphoneos;
				SWIFT_EMIT_LOC_STRINGS = YES;
				SWIFT_VERSION = 5.0;
				TARGETED_DEVICE_FAMILY = "1,2";
			};
			name = Debug;
		};
		01BEB9DD273D31F0005F6483 /* Release */ = {
			isa = XCBuildConfiguration;
			baseConfigurationReference = 8AD81B99B1A8DDD14408D944 /* Pods-TestMapDemo (iOS).release.xcconfig */;
			buildSettings = {
				ASSETCATALOG_COMPILER_APPICON_NAME = AppIcon;
				ASSETCATALOG_COMPILER_GLOBAL_ACCENT_COLOR_NAME = AccentColor;
				CODE_SIGN_STYLE = Automatic;
				CURRENT_PROJECT_VERSION = 1;
				DEVELOPMENT_TEAM = C6TV7JWFX4;
				ENABLE_PREVIEWS = YES;
				GENERATE_INFOPLIST_FILE = YES;
				INFOPLIST_KEY_NSLocationAlwaysAndWhenInUseUsageDescription = "Location shows to user when use";
				INFOPLIST_KEY_NSLocationAlwaysUsageDescription = "Location shows to user when use";
				INFOPLIST_KEY_NSLocationWhenInUseUsageDescription = "MapDemo app need your location to show user";
				INFOPLIST_KEY_NSMicrophoneUsageDescription = "We need access to your microphone to conduct recording sessions.";
				INFOPLIST_KEY_UIApplicationSceneManifest_Generation = YES;
				INFOPLIST_KEY_UIApplicationSupportsIndirectInputEvents = YES;
				INFOPLIST_KEY_UILaunchScreen_Generation = YES;
				INFOPLIST_KEY_UISupportedInterfaceOrientations_iPad = "UIInterfaceOrientationPortrait UIInterfaceOrientationPortraitUpsideDown UIInterfaceOrientationLandscapeLeft UIInterfaceOrientationLandscapeRight";
				INFOPLIST_KEY_UISupportedInterfaceOrientations_iPhone = "UIInterfaceOrientationPortrait UIInterfaceOrientationLandscapeLeft UIInterfaceOrientationLandscapeRight";
				IPHONEOS_DEPLOYMENT_TARGET = 15.0;
				LD_RUNPATH_SEARCH_PATHS = (
					"$(inherited)",
					"@executable_path/Frameworks",
				);
				MARKETING_VERSION = 1.0;
				PRODUCT_BUNDLE_IDENTIFIER = com.tariqul.TestMapDemo;
				PRODUCT_NAME = TestMapDemo;
				SDKROOT = iphoneos;
				SWIFT_EMIT_LOC_STRINGS = YES;
				SWIFT_VERSION = 5.0;
				TARGETED_DEVICE_FAMILY = "1,2";
				VALIDATE_PRODUCT = YES;
			};
			name = Release;
		};
		01BEB9DF273D31F0005F6483 /* Debug */ = {
			isa = XCBuildConfiguration;
			baseConfigurationReference = 0C3A1194C93DA54EF62C0FF4 /* Pods-TestMapDemo (macOS).debug.xcconfig */;
			buildSettings = {
				ASSETCATALOG_COMPILER_APPICON_NAME = AppIcon;
				ASSETCATALOG_COMPILER_GLOBAL_ACCENT_COLOR_NAME = AccentColor;
				CODE_SIGN_ENTITLEMENTS = macOS/macOS.entitlements;
				CODE_SIGN_IDENTITY = "-";
				CODE_SIGN_STYLE = Automatic;
				COMBINE_HIDPI_IMAGES = YES;
				CURRENT_PROJECT_VERSION = 1;
				DEVELOPMENT_TEAM = C6TV7JWFX4;
				ENABLE_HARDENED_RUNTIME = YES;
				ENABLE_PREVIEWS = YES;
				GENERATE_INFOPLIST_FILE = YES;
				INFOPLIST_KEY_NSHumanReadableCopyright = "";
				LD_RUNPATH_SEARCH_PATHS = (
					"$(inherited)",
					"@executable_path/../Frameworks",
				);
				MACOSX_DEPLOYMENT_TARGET = 12.0;
				MARKETING_VERSION = 1.0;
				PRODUCT_BUNDLE_IDENTIFIER = com.simec.TestMapDemo;
				PRODUCT_NAME = TestMapDemo;
				SDKROOT = macosx;
				SWIFT_EMIT_LOC_STRINGS = YES;
				SWIFT_VERSION = 5.0;
			};
			name = Debug;
		};
		01BEB9E0273D31F0005F6483 /* Release */ = {
			isa = XCBuildConfiguration;
			baseConfigurationReference = 42D74E9EFDF21B05A20E4FE6 /* Pods-TestMapDemo (macOS).release.xcconfig */;
			buildSettings = {
				ASSETCATALOG_COMPILER_APPICON_NAME = AppIcon;
				ASSETCATALOG_COMPILER_GLOBAL_ACCENT_COLOR_NAME = AccentColor;
				CODE_SIGN_ENTITLEMENTS = macOS/macOS.entitlements;
				CODE_SIGN_IDENTITY = "-";
				CODE_SIGN_STYLE = Automatic;
				COMBINE_HIDPI_IMAGES = YES;
				CURRENT_PROJECT_VERSION = 1;
				DEVELOPMENT_TEAM = C6TV7JWFX4;
				ENABLE_HARDENED_RUNTIME = YES;
				ENABLE_PREVIEWS = YES;
				GENERATE_INFOPLIST_FILE = YES;
				INFOPLIST_KEY_NSHumanReadableCopyright = "";
				LD_RUNPATH_SEARCH_PATHS = (
					"$(inherited)",
					"@executable_path/../Frameworks",
				);
				MACOSX_DEPLOYMENT_TARGET = 12.0;
				MARKETING_VERSION = 1.0;
				PRODUCT_BUNDLE_IDENTIFIER = com.simec.TestMapDemo;
				PRODUCT_NAME = TestMapDemo;
				SDKROOT = macosx;
				SWIFT_EMIT_LOC_STRINGS = YES;
				SWIFT_VERSION = 5.0;
			};
			name = Release;
		};
		01BEB9E2273D31F0005F6483 /* Debug */ = {
			isa = XCBuildConfiguration;
			buildSettings = {
				ALWAYS_EMBED_SWIFT_STANDARD_LIBRARIES = YES;
				CODE_SIGN_STYLE = Automatic;
				CURRENT_PROJECT_VERSION = 1;
				DEVELOPMENT_TEAM = K4FG2YP6BG;
				GENERATE_INFOPLIST_FILE = YES;
				IPHONEOS_DEPLOYMENT_TARGET = 15.0;
				LD_RUNPATH_SEARCH_PATHS = (
					"$(inherited)",
					"@executable_path/Frameworks",
					"@loader_path/Frameworks",
				);
				MARKETING_VERSION = 1.0;
				PRODUCT_BUNDLE_IDENTIFIER = "com.simec.Tests-iOS";
				PRODUCT_NAME = "$(TARGET_NAME)";
				SDKROOT = iphoneos;
				SWIFT_EMIT_LOC_STRINGS = NO;
				SWIFT_VERSION = 5.0;
				TARGETED_DEVICE_FAMILY = "1,2";
				TEST_TARGET_NAME = "TestMapDemo (iOS)";
			};
			name = Debug;
		};
		01BEB9E3273D31F0005F6483 /* Release */ = {
			isa = XCBuildConfiguration;
			buildSettings = {
				ALWAYS_EMBED_SWIFT_STANDARD_LIBRARIES = YES;
				CODE_SIGN_STYLE = Automatic;
				CURRENT_PROJECT_VERSION = 1;
				DEVELOPMENT_TEAM = K4FG2YP6BG;
				GENERATE_INFOPLIST_FILE = YES;
				IPHONEOS_DEPLOYMENT_TARGET = 15.0;
				LD_RUNPATH_SEARCH_PATHS = (
					"$(inherited)",
					"@executable_path/Frameworks",
					"@loader_path/Frameworks",
				);
				MARKETING_VERSION = 1.0;
				PRODUCT_BUNDLE_IDENTIFIER = "com.simec.Tests-iOS";
				PRODUCT_NAME = "$(TARGET_NAME)";
				SDKROOT = iphoneos;
				SWIFT_EMIT_LOC_STRINGS = NO;
				SWIFT_VERSION = 5.0;
				TARGETED_DEVICE_FAMILY = "1,2";
				TEST_TARGET_NAME = "TestMapDemo (iOS)";
				VALIDATE_PRODUCT = YES;
			};
			name = Release;
		};
		01BEB9E5273D31F0005F6483 /* Debug */ = {
			isa = XCBuildConfiguration;
			buildSettings = {
				ALWAYS_EMBED_SWIFT_STANDARD_LIBRARIES = YES;
				CODE_SIGN_STYLE = Automatic;
				COMBINE_HIDPI_IMAGES = YES;
				CURRENT_PROJECT_VERSION = 1;
				DEVELOPMENT_TEAM = K4FG2YP6BG;
				GENERATE_INFOPLIST_FILE = YES;
				LD_RUNPATH_SEARCH_PATHS = (
					"$(inherited)",
					"@executable_path/../Frameworks",
					"@loader_path/../Frameworks",
				);
				MACOSX_DEPLOYMENT_TARGET = 12.0;
				MARKETING_VERSION = 1.0;
				PRODUCT_BUNDLE_IDENTIFIER = "com.simec.Tests-macOS";
				PRODUCT_NAME = "$(TARGET_NAME)";
				SDKROOT = macosx;
				SWIFT_EMIT_LOC_STRINGS = NO;
				SWIFT_VERSION = 5.0;
				TEST_TARGET_NAME = "TestMapDemo (iOS)";
			};
			name = Debug;
		};
		01BEB9E6273D31F0005F6483 /* Release */ = {
			isa = XCBuildConfiguration;
			buildSettings = {
				ALWAYS_EMBED_SWIFT_STANDARD_LIBRARIES = YES;
				CODE_SIGN_STYLE = Automatic;
				COMBINE_HIDPI_IMAGES = YES;
				CURRENT_PROJECT_VERSION = 1;
				DEVELOPMENT_TEAM = K4FG2YP6BG;
				GENERATE_INFOPLIST_FILE = YES;
				LD_RUNPATH_SEARCH_PATHS = (
					"$(inherited)",
					"@executable_path/../Frameworks",
					"@loader_path/../Frameworks",
				);
				MACOSX_DEPLOYMENT_TARGET = 12.0;
				MARKETING_VERSION = 1.0;
				PRODUCT_BUNDLE_IDENTIFIER = "com.simec.Tests-macOS";
				PRODUCT_NAME = "$(TARGET_NAME)";
				SDKROOT = macosx;
				SWIFT_EMIT_LOC_STRINGS = NO;
				SWIFT_VERSION = 5.0;
				TEST_TARGET_NAME = "TestMapDemo (iOS)";
			};
			name = Release;
		};
/* End XCBuildConfiguration section */

/* Begin XCConfigurationList section */
		01BEB9A9273D31E5005F6483 /* Build configuration list for PBXProject "TestMapDemo" */ = {
			isa = XCConfigurationList;
			buildConfigurations = (
				01BEB9D9273D31F0005F6483 /* Debug */,
				01BEB9DA273D31F0005F6483 /* Release */,
			);
			defaultConfigurationIsVisible = 0;
			defaultConfigurationName = Release;
		};
		01BEB9DB273D31F0005F6483 /* Build configuration list for PBXNativeTarget "TestMapDemo (iOS)" */ = {
			isa = XCConfigurationList;
			buildConfigurations = (
				01BEB9DC273D31F0005F6483 /* Debug */,
				01BEB9DD273D31F0005F6483 /* Release */,
			);
			defaultConfigurationIsVisible = 0;
			defaultConfigurationName = Release;
		};
		01BEB9DE273D31F0005F6483 /* Build configuration list for PBXNativeTarget "TestMapDemo (macOS)" */ = {
			isa = XCConfigurationList;
			buildConfigurations = (
				01BEB9DF273D31F0005F6483 /* Debug */,
				01BEB9E0273D31F0005F6483 /* Release */,
			);
			defaultConfigurationIsVisible = 0;
			defaultConfigurationName = Release;
		};
		01BEB9E1273D31F0005F6483 /* Build configuration list for PBXNativeTarget "Tests iOS" */ = {
			isa = XCConfigurationList;
			buildConfigurations = (
				01BEB9E2273D31F0005F6483 /* Debug */,
				01BEB9E3273D31F0005F6483 /* Release */,
			);
			defaultConfigurationIsVisible = 0;
			defaultConfigurationName = Release;
		};
		01BEB9E4273D31F0005F6483 /* Build configuration list for PBXNativeTarget "Tests macOS" */ = {
			isa = XCConfigurationList;
			buildConfigurations = (
				01BEB9E5273D31F0005F6483 /* Debug */,
				01BEB9E6273D31F0005F6483 /* Release */,
			);
			defaultConfigurationIsVisible = 0;
			defaultConfigurationName = Release;
		};
/* End XCConfigurationList section */

/* Begin XCRemoteSwiftPackageReference section */
		01BEB9EA273D398A005F6483 /* XCRemoteSwiftPackageReference "CustomLoadingButton" */ = {
			isa = XCRemoteSwiftPackageReference;
			repositoryURL = "https://github.com/tariqul000/CustomLoadingButton.git";
			requirement = {
				branch = main;
				kind = branch;
			};
		};
/* End XCRemoteSwiftPackageReference section */

/* Begin XCSwiftPackageProductDependency section */
		01BEB9EB273D398A005F6483 /* CustomLoadingButton */ = {
			isa = XCSwiftPackageProductDependency;
			package = 01BEB9EA273D398A005F6483 /* XCRemoteSwiftPackageReference "CustomLoadingButton" */;
			productName = CustomLoadingButton;
		};
/* End XCSwiftPackageProductDependency section */
	};
	rootObject = 01BEB9A6273D31E5005F6483 /* Project object */;
}
